{
  "version": 4,
  "terraform_version": "1.6.4",
  "serial": 19,
  "lineage": "e40391e6-6a1b-f304-1c4d-57c2dbca3760",
  "outputs": {},
  "resources": [
    {
      "mode": "data",
      "type": "google_firebase_web_app_config",
      "name": "example",
      "provider": "provider[\"registry.terraform.io/hashicorp/google-beta\"]",
      "instances": [
        {
          "schema_version": 0,
          "attributes": {
            "api_key": "AIzaSyDOiiIBklZWWyXSAPj6cSHOUw-pqgGhvNQ",
            "auth_domain": "easy-chat-18200.firebaseapp.com",
            "database_url": "",
            "id": "1:626288285664:web:5fbc4f3a8c00ed211d3d85",
            "location_id": "",
            "measurement_id": "",
            "messaging_sender_id": "626288285664",
            "project": "easy-chat-18200",
            "storage_bucket": "easy-chat-18200.firebasestorage.app",
            "web_app_id": "1:626288285664:web:5fbc4f3a8c00ed211d3d85"
          },
          "sensitive_attributes": []
        }
      ]
    },
    {
      "mode": "data",
      "type": "google_project",
      "name": "project",
      "provider": "provider[\"registry.terraform.io/hashicorp/google-beta\"]",
      "instances": [
        {
          "schema_version": 0,
          "attributes": {
            "auto_create_network": null,
            "billing_account": null,
            "deletion_policy": "DELETE",
            "effective_labels": {
              "firebase": "enabled",
              "firebase-core": "disabled"
            },
            "folder_id": null,
            "id": "projects/easy-chat-18200",
            "labels": {
              "firebase": "enabled",
              "firebase-core": "disabled"
            },
            "name": "Easy Chat",
            "number": "626288285664",
            "org_id": null,
            "project_id": "easy-chat-18200",
            "skip_delete": null,
            "terraform_labels": {
              "firebase": "enabled",
              "firebase-core": "disabled"
            }
          },
          "sensitive_attributes": []
        }
      ]
    },
    {
      "mode": "managed",
      "type": "google_apikeys_key",
      "name": "generativelanguage",
      "provider": "provider[\"registry.terraform.io/hashicorp/google-beta\"]",
      "instances": [
        {
          "schema_version": 0,
          "attributes": {
            "display_name": "Gemini API Key",
            "id": "projects/easy-chat-18200/locations/global/keys/gemini-api-key",
            "key_string": "AIzaSyC_4Ei7GToK5cEIdhDtmZeTbDWPI1Oe03s",
            "name": "gemini-api-key",
            "project": "easy-chat-18200",
            "restrictions": [
              {
                "android_key_restrictions": [],
                "api_targets": [
                  {
                    "methods": [],
                    "service": "generativelanguage.googleapis.com"
                  }
                ],
                "browser_key_restrictions": [
                  {
                    "allowed_referrers": [
                      "*"
                    ]
                  }
                ],
                "ios_key_restrictions": [],
                "server_key_restrictions": []
              }
            ],
            "timeouts": null,
            "uid": "b30721cc-5f77-4d6b-bcc4-2eef7a96116f"
          },
          "sensitive_attributes": [],
          "private": "eyJlMmJmYjczMC1lY2FhLTExZTYtOGY4OC0zNDM2M2JjN2M0YzAiOnsiY3JlYXRlIjoxMjAwMDAwMDAwMDAwLCJkZWxldGUiOjEyMDAwMDAwMDAwMDAsInVwZGF0ZSI6MTIwMDAwMDAwMDAwMH19",
          "dependencies": [
            "google_project_service.services"
          ]
        }
      ]
    },
    {
      "mode": "managed",
      "type": "google_firebase_web_app",
      "name": "example",
      "provider": "provider[\"registry.terraform.io/hashicorp/google-beta\"]",
      "instances": [
        {
          "schema_version": 0,
          "attributes": {
            "api_key_id": "e0c74ab7-3f84-4ba7-a2e2-0e5b12b0457f",
            "app_id": "1:626288285664:web:5fbc4f3a8c00ed211d3d85",
            "app_urls": [],
            "deletion_policy": "DELETE",
            "display_name": "Make It So AI!",
            "id": "projects/easy-chat-18200/webApps/1:626288285664:web:5fbc4f3a8c00ed211d3d85",
            "name": "projects/easy-chat-18200/webApps/1:626288285664:web:5fbc4f3a8c00ed211d3d85",
            "project": "easy-chat-18200",
            "timeouts": null
          },
          "sensitive_attributes": [],
          "private": "eyJlMmJmYjczMC1lY2FhLTExZTYtOGY4OC0zNDM2M2JjN2M0YzAiOnsiY3JlYXRlIjoxMjAwMDAwMDAwMDAwLCJkZWxldGUiOjEyMDAwMDAwMDAwMDAsInVwZGF0ZSI6MTIwMDAwMDAwMDAwMH19"
        }
      ]
    },
    {
      "mode": "managed",
      "type": "google_firebaserules_release",
      "name": "firestore",
      "provider": "provider[\"registry.terraform.io/hashicorp/google-beta\"]",
      "instances": [
        {
          "schema_version": 0,
          "attributes": {
            "create_time": "2024-12-28T16:14:03.831925Z",
            "disabled": false,
            "id": "projects/easy-chat-18200/releases/cloud.firestore",
            "name": "cloud.firestore",
            "project": "easy-chat-18200",
            "ruleset_name": "5f5cde40-a8eb-412c-9fed-82d8be3dfc4a",
            "timeouts": null,
            "update_time": "2024-12-28T16:14:03.831925Z"
          },
          "sensitive_attributes": [],
          "private": "eyJlMmJmYjczMC1lY2FhLTExZTYtOGY4OC0zNDM2M2JjN2M0YzAiOnsiY3JlYXRlIjoxMjAwMDAwMDAwMDAwLCJkZWxldGUiOjEyMDAwMDAwMDAwMDB9fQ==",
          "dependencies": [
            "google_firebaserules_ruleset.firestore",
            "google_firestore_database.database",
            "google_project_service.services",
            "local_file.firestore_rules"
          ]
        }
      ]
    },
    {
      "mode": "managed",
      "type": "google_firebaserules_ruleset",
      "name": "firestore",
      "provider": "provider[\"registry.terraform.io/hashicorp/google-beta\"]",
      "instances": [
        {
          "schema_version": 0,
          "attributes": {
            "create_time": "2024-12-28T16:14:01.334060Z",
            "id": "projects/easy-chat-18200/rulesets/5f5cde40-a8eb-412c-9fed-82d8be3dfc4a",
            "metadata": [
              {
                "services": [
                  "cloud.firestore"
                ]
              }
            ],
            "name": "5f5cde40-a8eb-412c-9fed-82d8be3dfc4a",
            "project": "easy-chat-18200",
            "source": [
              {
                "files": [
                  {
                    "content": "service cloud.firestore {\n  match /databases/{database}/documents/{document=**} {\n    allow read, write: if request.auth != null \u0026\u0026 request.time \u003c timestamp.date(2025, 1, 27);\n  }\n}\n",
                    "fingerprint": "",
                    "name": "firestore.rules"
                  }
                ],
                "language": ""
              }
            ],
            "timeouts": null
          },
          "sensitive_attributes": [],
          "private": "eyJlMmJmYjczMC1lY2FhLTExZTYtOGY4OC0zNDM2M2JjN2M0YzAiOnsiY3JlYXRlIjoxMjAwMDAwMDAwMDAwLCJkZWxldGUiOjEyMDAwMDAwMDAwMDB9fQ==",
          "dependencies": [
            "google_firestore_database.database",
            "google_project_service.services",
            "local_file.firestore_rules"
          ]
        }
      ]
    },
    {
      "mode": "managed",
      "type": "google_firestore_database",
      "name": "database",
      "provider": "provider[\"registry.terraform.io/hashicorp/google-beta\"]",
      "instances": [
        {
          "schema_version": 0,
          "attributes": {
            "app_engine_integration_mode": "DISABLED",
            "cmek_config": [],
            "concurrency_mode": "PESSIMISTIC",
            "create_time": "",
            "delete_protection_state": "DELETE_PROTECTION_DISABLED",
            "deletion_policy": "ABANDON",
            "earliest_version_time": "2024-12-28T16:13:49.329053Z",
            "etag": "IOjA6+TvyooDMOrPo5TuyooD",
            "id": "projects/easy-chat-18200/databases/(default)",
            "key_prefix": "",
            "location_id": "nam5",
            "name": "(default)",
            "point_in_time_recovery_enablement": "POINT_IN_TIME_RECOVERY_DISABLED",
            "project": "easy-chat-18200",
            "timeouts": null,
            "type": "FIRESTORE_NATIVE",
            "uid": "c8c43139-ccf1-43f9-a300-b9ef2fd98072",
            "update_time": "",
            "version_retention_period": "3600s"
          },
          "sensitive_attributes": [],
          "private": "eyJlMmJmYjczMC1lY2FhLTExZTYtOGY4OC0zNDM2M2JjN2M0YzAiOnsiY3JlYXRlIjoxMjAwMDAwMDAwMDAwLCJkZWxldGUiOjEyMDAwMDAwMDAwMDAsInVwZGF0ZSI6MTIwMDAwMDAwMDAwMH19",
          "dependencies": [
            "google_project_service.services"
          ]
        }
      ]
    },
    {
      "mode": "managed",
      "type": "google_project_service",
      "name": "services",
      "provider": "provider[\"registry.terraform.io/hashicorp/google-beta\"]",
      "instances": [
        {
          "index_key": "apikeys.googleapis.com",
          "schema_version": 0,
          "attributes": {
            "check_if_service_has_usage_on_destroy": false,
            "disable_dependent_services": null,
            "disable_on_destroy": false,
            "id": "easy-chat-18200/apikeys.googleapis.com",
            "project": "easy-chat-18200",
            "service": "apikeys.googleapis.com",
            "timeouts": null
          },
          "sensitive_attributes": [],
          "private": "eyJlMmJmYjczMC1lY2FhLTExZTYtOGY4OC0zNDM2M2JjN2M0YzAiOnsiY3JlYXRlIjoxMjAwMDAwMDAwMDAwLCJkZWxldGUiOjEyMDAwMDAwMDAwMDAsInJlYWQiOjYwMDAwMDAwMDAwMCwidXBkYXRlIjoxMjAwMDAwMDAwMDAwfX0="
        },
        {
          "index_key": "firebaserules.googleapis.com",
          "schema_version": 0,
          "attributes": {
            "check_if_service_has_usage_on_destroy": false,
            "disable_dependent_services": null,
            "disable_on_destroy": false,
            "id": "easy-chat-18200/firebaserules.googleapis.com",
            "project": "easy-chat-18200",
            "service": "firebaserules.googleapis.com",
            "timeouts": null
          },
          "sensitive_attributes": [],
          "private": "eyJlMmJmYjczMC1lY2FhLTExZTYtOGY4OC0zNDM2M2JjN2M0YzAiOnsiY3JlYXRlIjoxMjAwMDAwMDAwMDAwLCJkZWxldGUiOjEyMDAwMDAwMDAwMDAsInJlYWQiOjYwMDAwMDAwMDAwMCwidXBkYXRlIjoxMjAwMDAwMDAwMDAwfX0="
        },
        {
          "index_key": "firestore.googleapis.com",
          "schema_version": 0,
          "attributes": {
            "check_if_service_has_usage_on_destroy": false,
            "disable_dependent_services": null,
            "disable_on_destroy": false,
            "id": "easy-chat-18200/firestore.googleapis.com",
            "project": "easy-chat-18200",
            "service": "firestore.googleapis.com",
            "timeouts": null
          },
          "sensitive_attributes": [],
          "private": "eyJlMmJmYjczMC1lY2FhLTExZTYtOGY4OC0zNDM2M2JjN2M0YzAiOnsiY3JlYXRlIjoxMjAwMDAwMDAwMDAwLCJkZWxldGUiOjEyMDAwMDAwMDAwMDAsInJlYWQiOjYwMDAwMDAwMDAwMCwidXBkYXRlIjoxMjAwMDAwMDAwMDAwfX0="
        },
        {
          "index_key": "generativelanguage.googleapis.com",
          "schema_version": 0,
          "attributes": {
            "check_if_service_has_usage_on_destroy": false,
            "disable_dependent_services": null,
            "disable_on_destroy": false,
            "id": "easy-chat-18200/generativelanguage.googleapis.com",
            "project": "easy-chat-18200",
            "service": "generativelanguage.googleapis.com",
            "timeouts": null
          },
          "sensitive_attributes": [],
          "private": "eyJlMmJmYjczMC1lY2FhLTExZTYtOGY4OC0zNDM2M2JjN2M0YzAiOnsiY3JlYXRlIjoxMjAwMDAwMDAwMDAwLCJkZWxldGUiOjEyMDAwMDAwMDAwMDAsInJlYWQiOjYwMDAwMDAwMDAwMCwidXBkYXRlIjoxMjAwMDAwMDAwMDAwfX0="
        },
        {
          "index_key": "serviceusage.googleapis.com",
          "schema_version": 0,
          "attributes": {
            "check_if_service_has_usage_on_destroy": false,
            "disable_dependent_services": null,
            "disable_on_destroy": false,
            "id": "easy-chat-18200/serviceusage.googleapis.com",
            "project": "easy-chat-18200",
            "service": "serviceusage.googleapis.com",
            "timeouts": null
          },
          "sensitive_attributes": [],
          "private": "eyJlMmJmYjczMC1lY2FhLTExZTYtOGY4OC0zNDM2M2JjN2M0YzAiOnsiY3JlYXRlIjoxMjAwMDAwMDAwMDAwLCJkZWxldGUiOjEyMDAwMDAwMDAwMDAsInJlYWQiOjYwMDAwMDAwMDAwMCwidXBkYXRlIjoxMjAwMDAwMDAwMDAwfX0="
        }
      ]
    },
    {
      "mode": "managed",
      "type": "google_service_usage_consumer_quota_override",
      "name": "generativelanguage",
      "provider": "provider[\"registry.terraform.io/hashicorp/google-beta\"]",
      "instances": [
        {
          "schema_version": 0,
          "attributes": {
            "dimensions": {},
            "force": true,
            "id": "projects/easy-chat-18200/services/generativelanguage.googleapis.com/consumerQuotaMetrics/generativelanguage.googleapis.com%2Fgenerate_requests_per_model/limits/%2Fmin%2Fmodel%2Fproject/consumerOverrides/Cg1RdW90YU92ZXJyaWRl",
            "limit": "%2Fmin%2Fmodel%2Fproject",
            "metric": "generativelanguage.googleapis.com%2Fgenerate_requests_per_model",
            "name": "Cg1RdW90YU92ZXJyaWRl",
            "override_value": "10",
            "project": "easy-chat-18200",
            "service": "generativelanguage.googleapis.com",
            "timeouts": null
          },
          "sensitive_attributes": [],
          "private": "eyJlMmJmYjczMC1lY2FhLTExZTYtOGY4OC0zNDM2M2JjN2M0YzAiOnsiY3JlYXRlIjoxMjAwMDAwMDAwMDAwLCJkZWxldGUiOjEyMDAwMDAwMDAwMDAsInVwZGF0ZSI6MTIwMDAwMDAwMDAwMH19",
          "dependencies": [
            "google_project_service.services"
          ]
        }
      ]
    },
    {
      "mode": "managed",
      "type": "local_file",
      "name": "environment_ts",
      "provider": "provider[\"registry.terraform.io/hashicorp/local\"]",
      "instances": [
        {
          "schema_version": 0,
          "attributes": {
            "content": "export const environment = {\n  firebase: {\n      apiKey: 'AIzaSyDOiiIBklZWWyXSAPj6cSHOUw-pqgGhvNQ',\n      authDomain: 'easy-chat-18200.firebaseapp.com',\n      databaseURL: '',\n      projectId: 'easy-chat-18200',\n      storageBucket: 'easy-chat-18200.firebasestorage.app',\n      messagingSenderId: '626288285664',\n      appId: '1:626288285664:web:5fbc4f3a8c00ed211d3d85',\n      measurementId: '',\n  },\n  gemini_api_key: 'AIzaSyC_4Ei7GToK5cEIdhDtmZeTbDWPI1Oe03s',\n  debug_token: ''\n};",
            "content_base64": null,
            "content_base64sha256": "8z+YLcE6xQBptymJVgiMLGewCayBCKIipDsMy3nlshc=",
            "content_base64sha512": "EQUa1RxfyrNTaJkMGChdF2JTcQphmHDJ3HPjt6V+MYhZ2Pktc5vxGwG36Qz8sPyT7bi4yFJJd8UXfcQDPMB4TA==",
            "content_md5": "fe30c6c8db3b3cb2680baa46dad478e8",
            "content_sha1": "c44a368c59c4c3d64e0d0bea3b63d2d454a30645",
            "content_sha256": "f33f982dc13ac50069b7298956088c2c67b009ac8108a222a43b0ccb79e5b217",
            "content_sha512": "11051ad51c5fcab35368990c18285d176253710a619870c9dc73e3b7a57e318859d8f92d739bf11b01b7e90cfcb0fc93edb8b8c8524977c5177dc4033cc0784c",
            "directory_permission": "0777",
            "file_permission": "0777",
            "filename": "./src/environments/environments.ts",
            "id": "c44a368c59c4c3d64e0d0bea3b63d2d454a30645",
            "sensitive_content": null,
            "source": null
          },
          "sensitive_attributes": [
            [
              {
                "type": "get_attr",
                "value": "content"
              }
            ]
          ],
          "dependencies": [
            "data.google_firebase_web_app_config.example",
            "data.google_project.project",
            "google_apikeys_key.generativelanguage",
            "google_firebase_web_app.example",
            "google_project_service.services"
          ]
        }
      ]
    },
    {
      "mode": "managed",
      "type": "local_file",
      "name": "firebaserc",
      "provider": "provider[\"registry.terraform.io/hashicorp/local\"]",
      "instances": [
        {
          "schema_version": 0,
          "attributes": {
            "content": "{\"projects\":{\"default\":\"easy-chat-18200\"}}",
            "content_base64": null,
            "content_base64sha256": "4EOPob6sT9/yWggvhnmxsrEF9PnpLlt+A3UPcXpY+JM=",
            "content_base64sha512": "vjgdGSRJnJXXfMI2cRtZEZJAWUk+UnQmtBxBMzp9HkQ2kwuhU1GhexKmUDRKXR90Fp9QB16RpzEPM+qxcFKkiQ==",
            "content_md5": "b67d06537bbafbe2895a3ce401ff3c4f",
            "content_sha1": "8c8dd189ff744fd04bb31292f88a76ef46606191",
            "content_sha256": "e0438fa1beac4fdff25a082f8679b1b2b105f4f9e92e5b7e03750f717a58f893",
            "content_sha512": "be381d1924499c95d77cc236711b5911924059493e527426b41c41333a7d1e4436930ba15351a17b12a650344a5d1f74169f50075e91a7310f33eab17052a489",
            "directory_permission": "0777",
            "file_permission": "0777",
            "filename": "./.firebaserc",
            "id": "8c8dd189ff744fd04bb31292f88a76ef46606191",
            "sensitive_content": null,
            "source": null
          },
          "sensitive_attributes": []
        }
      ]
    },
    {
      "mode": "managed",
      "type": "local_file",
      "name": "firestore_rules",
      "provider": "provider[\"registry.terraform.io/hashicorp/local\"]",
      "instances": [
        {
          "schema_version": 0,
          "attributes": {
            "content": "service cloud.firestore {\n  match /databases/{database}/documents/{document=**} {\n    allow read, write: if request.auth != null \u0026\u0026 request.time \u003c timestamp.date(2025, 1, 27);\n  }\n}\n",
            "content_base64": null,
            "content_base64sha256": "nyeaHFeFwfTXuTB/lY1WrFAz66sK+STK24tT+okIHhU=",
            "content_base64sha512": "j+zX/Sq95A+X3cZeNDcGchf4IdYJgkDMuU81czdHpdVma9AQQ9ora7o7x7TeQmZ0JxpDGhAR3C8wJNDh9G2lFA==",
            "content_md5": "9e8a020ced507b8037a2efa33bc97855",
            "content_sha1": "43bef89e9045853c6f72b9d7d37e06e6807d492d",
            "content_sha256": "9f279a1c5785c1f4d7b9307f958d56ac5033ebab0af924cadb8b53fa89081e15",
            "content_sha512": "8fecd7fd2abde40f97ddc65e3437067217f821d6098240ccb94f35733747a5d5666bd01043da2b6bba3bc7b4de426674271a431a1011dc2f3024d0e1f46da514",
            "directory_permission": "0777",
            "file_permission": "0777",
            "filename": "./firestore.rules",
            "id": "43bef89e9045853c6f72b9d7d37e06e6807d492d",
            "sensitive_content": null,
            "source": null
          },
          "sensitive_attributes": []
        }
      ]
    }
  ],
  "check_results": null
}
